{
  "name": "sample",
  "version": "1.0.0",
  "lockfileVersion": 1,
  "requires": true,
  "dependencies": {
    "ng-block-ui": {
      "version": "2.1.8",
      "resolved": "https://registry.npmjs.org/ng-block-ui/-/ng-block-ui-2.1.8.tgz",
      "integrity": "sha512-BBcjUn9b/m3+wPlXkYExuy6ko+5oK7pte79gGUVo6a3HqpLnvPQXFgKV1kUpIM97NYfKKtR/+dPj7Xhh/GSV4w==",
      "requires": {
        "tslib": "^1.9.0"
      }
    },
    "tslib": {
      "version": "1.11.1",
      "resolved": "https://registry.npmjs.org/tslib/-/tslib-1.11.1.tgz",
      "integrity": "sha512-aZW88SY8kQbU7gpV19lN24LtXh/yD4ZZg6qieAJDDg+YBsJcSmLGK9QpnUjAKVG/xefmvJGd1WUmfpT/g6AJGA=="
    }
  }
}
